<?xml version="1.0" encoding="utf-8"?>
<Project ToolsVersion="4.0" xmlns="http://schemas.microsoft.com/developer/msbuild/2003">
  <ItemGroup>
    <Filter Include="Source Files">
      <UniqueIdentifier>{4FC737F1-C7A5-4376-A066-2A32D752A2FF}</UniqueIdentifier>
      <Extensions>cpp;c;cc;cxx;def;odl;idl;hpj;bat;asm;asmx</Extensions>
    </Filter>
    <Filter Include="Header Files">
      <UniqueIdentifier>{93995380-89BD-4b04-88EB-625FBE52EBFB}</UniqueIdentifier>
      <Extensions>h;hpp;hxx;hm;inl;inc;xsd</Extensions>
    </Filter>
    <Filter Include="Resource Files">
      <UniqueIdentifier>{67DA6AB6-F800-4c08-8B7A-83BB121AAD01}</UniqueIdentifier>
      <Extensions>rc;ico;cur;bmp;dlg;rc2;rct;bin;rgs;gif;jpg;jpeg;jpe;resx;tiff;tif;png;wav;mfcribbon-ms</Extensions>
    </Filter>
    <Filter Include="Header Files\Shapes">
      <UniqueIdentifier>{614d7f04-953d-4199-9a65-de63b669792f}</UniqueIdentifier>
    </Filter>
    <Filter Include="Source Files\Shapes">
      <UniqueIdentifier>{c7b54b1a-3946-4d02-a1c3-875c6e9b657c}</UniqueIdentifier>
    </Filter>
    <Filter Include="Header Files\Module">
      <UniqueIdentifier>{a9d55483-631b-4acc-8fa7-efc957fcd388}</UniqueIdentifier>
    </Filter>
    <Filter Include="Source Files\Module">
      <UniqueIdentifier>{42ea139f-59fa-4a76-9dbd-56bcb468ca2e}</UniqueIdentifier>
    </Filter>
    <Filter Include="Header Files\BasicGeo">
      <UniqueIdentifier>{777f4e26-2775-49f7-9b50-325a5e864891}</UniqueIdentifier>
    </Filter>
    <Filter Include="Source Files\BasicGeo">
      <UniqueIdentifier>{193e1b32-3c24-45ee-b5d9-fe6f157356d8}</UniqueIdentifier>
    </Filter>
    <Filter Include="Header Files\Main">
      <UniqueIdentifier>{2466b62a-7e07-4f57-89f2-ad888e6772eb}</UniqueIdentifier>
    </Filter>
    <Filter Include="Source Files\Main">
      <UniqueIdentifier>{9ac23b02-3e37-4328-93ab-e3e7cb9db44c}</UniqueIdentifier>
    </Filter>
    <Filter Include="Header Files\Menu">
      <UniqueIdentifier>{443b0c86-722c-4589-8b5d-b23e33d41ce8}</UniqueIdentifier>
    </Filter>
    <Filter Include="Source Files\Menu">
      <UniqueIdentifier>{887b25e3-0ff4-4ea6-9b78-76dd0cff38ca}</UniqueIdentifier>
    </Filter>
  </ItemGroup>
  <ItemGroup>
    <ClInclude Include="Face.h">
      <Filter>Header Files\BasicGeo</Filter>
    </ClInclude>
    <ClInclude Include="Plane.h">
      <Filter>Header Files\BasicGeo</Filter>
    </ClInclude>
    <ClInclude Include="LineSegment.h">
      <Filter>Header Files\BasicGeo</Filter>
    </ClInclude>
    <ClInclude Include="GeoModule.h">
      <Filter>Header Files\Module</Filter>
    </ClInclude>
    <ClInclude Include="CrossSectionModule.h">
      <Filter>Header Files\Module</Filter>
    </ClInclude>
    <ClInclude Include="PolygonBox.h">
      <Filter>Header Files\Shapes</Filter>
    </ClInclude>
    <ClInclude Include="BoxModule.h">
      <Filter>Header Files\Module</Filter>
    </ClInclude>
    <ClInclude Include="GeometryViewer.h">
      <Filter>Header Files\Main</Filter>
    </ClInclude>
    <ClInclude Include="MonolithApp.h">
      <Filter>Header Files\Main</Filter>
    </ClInclude>
    <ClInclude Include="GLMenu.h">
      <Filter>Header Files\Menu</Filter>
    </ClInclude>
    <ClInclude Include="GLMenuItem.h">
      <Filter>Header Files\Menu</Filter>
    </ClInclude>
    <ClInclude Include="CrossSection.h">
      <Filter>Header Files\BasicGeo</Filter>
    </ClInclude>
    <ClInclude Include="Polygon3D.h">
      <Filter>Header Files\Shapes</Filter>
    </ClInclude>
    <ClInclude Include="PolygonCone.h">
      <Filter>Header Files\Shapes</Filter>
    </ClInclude>
    <ClInclude Include="PolygonCylinder.h">
      <Filter>Header Files\Shapes</Filter>
    </ClInclude>
    <ClInclude Include="PolygonSphere.h">
      <Filter>Header Files\Shapes</Filter>
    </ClInclude>
    <ClInclude Include="Tri.h">
      <Filter>Header Files\BasicGeo</Filter>
    </ClInclude>
    <ClInclude Include="Quad.h">
      <Filter>Header Files\BasicGeo</Filter>
    </ClInclude>
  </ItemGroup>
  <ItemGroup>
    <ClCompile Include="Face.cpp">
      <Filter>Source Files\BasicGeo</Filter>
    </ClCompile>
    <ClCompile Include="LineSegment.cpp">
      <Filter>Source Files\BasicGeo</Filter>
    </ClCompile>
    <ClCompile Include="Plane.cpp">
      <Filter>Source Files\BasicGeo</Filter>
    </ClCompile>
    <ClCompile Include="CrossSectionModule.cpp">
      <Filter>Source Files\Module</Filter>
    </ClCompile>
    <ClCompile Include="GeoModule.cpp">
      <Filter>Source Files\Module</Filter>
    </ClCompile>
    <ClCompile Include="PolygonBox.cpp">
      <Filter>Source Files\Shapes</Filter>
    </ClCompile>
    <ClCompile Include="BoxModule.cpp">
      <Filter>Source Files\Module</Filter>
    </ClCompile>
    <ClCompile Include="MonolithApp.cpp">
      <Filter>Source Files\Main</Filter>
    </ClCompile>
    <ClCompile Include="Main.cpp">
      <Filter>Source Files\Main</Filter>
    </ClCompile>
    <ClCompile Include="GeometryViewer.cpp">
      <Filter>Source Files\Main</Filter>
    </ClCompile>
    <ClCompile Include="GLMenu.cpp">
      <Filter>Source Files\Menu</Filter>
    </ClCompile>
    <ClCompile Include="GLMenuItem.cpp">
      <Filter>Source Files\Menu</Filter>
    </ClCompile>
    <ClCompile Include="CrossSection.cpp">
      <Filter>Source Files\BasicGeo</Filter>
    </ClCompile>
    <ClCompile Include="Polygon3D.cpp">
      <Filter>Source Files\Shapes</Filter>
    </ClCompile>
    <ClCompile Include="PolygonCone.cpp">
      <Filter>Source Files\Shapes</Filter>
    </ClCompile>
    <ClCompile Include="PolygonCylinder.cpp">
      <Filter>Source Files\Shapes</Filter>
    </ClCompile>
    <ClCompile Include="PolygonSphere.cpp">
      <Filter>Source Files\Shapes</Filter>
    </ClCompile>
    <ClCompile Include="Quad.cpp">
      <Filter>Source Files\BasicGeo</Filter>
    </ClCompile>
    <ClCompile Include="Tri.cpp">
      <Filter>Source Files\BasicGeo</Filter>
    </ClCompile>
  </ItemGroup>
</Project>